
Microsoft Visual Studio Solution File, Format Version 12.00
# Visual Studio Version 17
VisualStudioVersion = 17.5.002.0
MinimumVisualStudioVersion = 10.0.40219.1
Project("{9A19103F-16F7-4668-BE54-9A1E7A4F7556}") = "MoreGamemodes", "MoreGamemodes.csproj", "{7D57363A-A890-4448-B6F0-A77FCF4B9AE2}"
EndProject
Global
	GlobalSection(SolutionConfigurationPlatforms) = preSolution
		Debug|Any CPU = Debug|Any CPU
		Release|Any CPU = Release|Any CPU
	EndGlobalSection
	GlobalSection(ProjectConfigurationPlatforms) = postSolution
		{7D57363A-A890-4448-B6F0-A77FCF4B9AE2}.Debug|Any CPU.ActiveCfg = Debug|Any CPU
		{7D57363A-A890-4448-B6F0-A77FCF4B9AE2}.Debug|Any CPU.Build.0 = Debug|Any CPU
		{7D57363A-A890-4448-B6F0-A77FCF4B9AE2}.Release|Any CPU.ActiveCfg = Release|Any CPU
		{7D57363A-A890-4448-B6F0-A77FCF4B9AE2}.Release|Any CPU.Build.0 = Release|Any CPU
	EndGlobalSection
	GlobalSection(SolutionProperties) = preSolution
		HideSolutionNode = FALSE
	EndGlobalSection
	GlobalSection(ExtensibilityGlobals) = postSolution
		SolutionGuid = {D775989E-B8E2-4CCB-8350-CB3CB2FC55FC}
	EndGlobalSection
EndGlobal
